
Microsoft Visual Studio Solution File, Format Version 12.00
# Visual Studio 15
VisualStudioVersion = 15.0.28307.572
MinimumVisualStudioVersion = 10.0.40219.1
Project("{FAE04EC0-301F-11D3-BF4B-00C04F79EFBC}") = "Bai1", "Bai1\Bai1.csproj", "{773DA699-E8AB-49C2-B984-1A083E270604}"
EndProject
Global
	GlobalSection(SolutionConfigurationPlatforms) = preSolution
		Debug|Any CPU = Debug|Any CPU
		Release|Any CPU = Release|Any CPU
	EndGlobalSection
	GlobalSection(ProjectConfigurationPlatforms) = postSolution
		{773DA699-E8AB-49C2-B984-1A083E270604}.Debug|Any CPU.ActiveCfg = Debug|Any CPU
		{773DA699-E8AB-49C2-B984-1A083E270604}.Debug|Any CPU.Build.0 = Debug|Any CPU
		{773DA699-E8AB-49C2-B984-1A083E270604}.Release|Any CPU.ActiveCfg = Release|Any CPU
		{773DA699-E8AB-49C2-B984-1A083E270604}.Release|Any CPU.Build.0 = Release|Any CPU
	EndGlobalSection
	GlobalSection(SolutionProperties) = preSolution
		HideSolutionNode = FALSE
	EndGlobalSection
	GlobalSection(ExtensibilityGlobals) = postSolution
		SolutionGuid = {165ABCF9-1259-46DC-AA51-89A5BA41A8D7}
	EndGlobalSection
EndGlobal
