
Microsoft Visual Studio Solution File, Format Version 12.00
# Visual Studio 15
VisualStudioVersion = 15.0.28307.572
MinimumVisualStudioVersion = 10.0.40219.1
Project("{FAE04EC0-301F-11D3-BF4B-00C04F79EFBC}") = "Bai9", "Bai9\Bai9.csproj", "{20A56DC7-CBEF-48D7-AB85-2ED962770808}"
EndProject
Global
	GlobalSection(SolutionConfigurationPlatforms) = preSolution
		Debug|Any CPU = Debug|Any CPU
		Release|Any CPU = Release|Any CPU
	EndGlobalSection
	GlobalSection(ProjectConfigurationPlatforms) = postSolution
		{20A56DC7-CBEF-48D7-AB85-2ED962770808}.Debug|Any CPU.ActiveCfg = Debug|Any CPU
		{20A56DC7-CBEF-48D7-AB85-2ED962770808}.Debug|Any CPU.Build.0 = Debug|Any CPU
		{20A56DC7-CBEF-48D7-AB85-2ED962770808}.Release|Any CPU.ActiveCfg = Release|Any CPU
		{20A56DC7-CBEF-48D7-AB85-2ED962770808}.Release|Any CPU.Build.0 = Release|Any CPU
	EndGlobalSection
	GlobalSection(SolutionProperties) = preSolution
		HideSolutionNode = FALSE
	EndGlobalSection
	GlobalSection(ExtensibilityGlobals) = postSolution
		SolutionGuid = {2A480FF9-26F2-44AC-8175-0A751D7A38C5}
	EndGlobalSection
EndGlobal
