
Microsoft Visual Studio Solution File, Format Version 12.00
# Visual Studio Version 16
VisualStudioVersion = 16.0.29905.134
MinimumVisualStudioVersion = 10.0.40219.1
Project("{FAE04EC0-301F-11D3-BF4B-00C04F79EFBC}") = "Bai_4", "Bai_4\Bai_4.csproj", "{B4DB81D7-AC72-4819-A7FF-421340E8F353}"
EndProject
Global
	GlobalSection(SolutionConfigurationPlatforms) = preSolution
		Debug|Any CPU = Debug|Any CPU
		Release|Any CPU = Release|Any CPU
	EndGlobalSection
	GlobalSection(ProjectConfigurationPlatforms) = postSolution
		{B4DB81D7-AC72-4819-A7FF-421340E8F353}.Debug|Any CPU.ActiveCfg = Debug|Any CPU
		{B4DB81D7-AC72-4819-A7FF-421340E8F353}.Debug|Any CPU.Build.0 = Debug|Any CPU
		{B4DB81D7-AC72-4819-A7FF-421340E8F353}.Release|Any CPU.ActiveCfg = Release|Any CPU
		{B4DB81D7-AC72-4819-A7FF-421340E8F353}.Release|Any CPU.Build.0 = Release|Any CPU
	EndGlobalSection
	GlobalSection(SolutionProperties) = preSolution
		HideSolutionNode = FALSE
	EndGlobalSection
	GlobalSection(ExtensibilityGlobals) = postSolution
		SolutionGuid = {B74A812E-BBD2-4868-B091-4F43841D854F}
	EndGlobalSection
EndGlobal
