
Microsoft Visual Studio Solution File, Format Version 12.00
# Visual Studio Version 16
VisualStudioVersion = 16.0.29905.134
MinimumVisualStudioVersion = 10.0.40219.1
Project("{FAE04EC0-301F-11D3-BF4B-00C04F79EFBC}") = "CSharpPostgreSQL_CRUD", "CSharpPostgreSQL_CRUD\CSharpPostgreSQL_CRUD.csproj", "{1ABCA996-B83B-4BD4-81CE-B91FA8253193}"
EndProject
Global
	GlobalSection(SolutionConfigurationPlatforms) = preSolution
		Debug|Any CPU = Debug|Any CPU
		Release|Any CPU = Release|Any CPU
	EndGlobalSection
	GlobalSection(ProjectConfigurationPlatforms) = postSolution
		{1ABCA996-B83B-4BD4-81CE-B91FA8253193}.Debug|Any CPU.ActiveCfg = Debug|Any CPU
		{1ABCA996-B83B-4BD4-81CE-B91FA8253193}.Debug|Any CPU.Build.0 = Debug|Any CPU
		{1ABCA996-B83B-4BD4-81CE-B91FA8253193}.Release|Any CPU.ActiveCfg = Release|Any CPU
		{1ABCA996-B83B-4BD4-81CE-B91FA8253193}.Release|Any CPU.Build.0 = Release|Any CPU
	EndGlobalSection
	GlobalSection(SolutionProperties) = preSolution
		HideSolutionNode = FALSE
	EndGlobalSection
	GlobalSection(ExtensibilityGlobals) = postSolution
		SolutionGuid = {C52C9432-6509-466A-9E5A-81AEC2DD8420}
	EndGlobalSection
EndGlobal
