
Microsoft Visual Studio Solution File, Format Version 12.00
# Visual Studio Version 16
VisualStudioVersion = 16.0.29905.134
MinimumVisualStudioVersion = 10.0.40219.1
Project("{FAE04EC0-301F-11D3-BF4B-00C04F79EFBC}") = "LoginPostgreSQL", "LoginPostgreSQL\LoginPostgreSQL.csproj", "{8FD7A9DF-077D-421E-BDD1-A0D39A75E36F}"
EndProject
Global
	GlobalSection(SolutionConfigurationPlatforms) = preSolution
		Debug|Any CPU = Debug|Any CPU
		Release|Any CPU = Release|Any CPU
	EndGlobalSection
	GlobalSection(ProjectConfigurationPlatforms) = postSolution
		{8FD7A9DF-077D-421E-BDD1-A0D39A75E36F}.Debug|Any CPU.ActiveCfg = Debug|Any CPU
		{8FD7A9DF-077D-421E-BDD1-A0D39A75E36F}.Debug|Any CPU.Build.0 = Debug|Any CPU
		{8FD7A9DF-077D-421E-BDD1-A0D39A75E36F}.Release|Any CPU.ActiveCfg = Release|Any CPU
		{8FD7A9DF-077D-421E-BDD1-A0D39A75E36F}.Release|Any CPU.Build.0 = Release|Any CPU
	EndGlobalSection
	GlobalSection(SolutionProperties) = preSolution
		HideSolutionNode = FALSE
	EndGlobalSection
	GlobalSection(ExtensibilityGlobals) = postSolution
		SolutionGuid = {610D9EC8-3F9E-4856-BE29-4AD85555D91F}
	EndGlobalSection
EndGlobal
