
Microsoft Visual Studio Solution File, Format Version 12.00
# Visual Studio 15
VisualStudioVersion = 15.0.28010.2046
MinimumVisualStudioVersion = 10.0.40219.1
Project("{FAE04EC0-301F-11D3-BF4B-00C04F79EFBC}") = "Delegate", "Delegate\Delegate.csproj", "{4EB2DB7C-48ED-4551-A660-D006E2991583}"
EndProject
Global
	GlobalSection(SolutionConfigurationPlatforms) = preSolution
		Debug|Any CPU = Debug|Any CPU
		Release|Any CPU = Release|Any CPU
	EndGlobalSection
	GlobalSection(ProjectConfigurationPlatforms) = postSolution
		{4EB2DB7C-48ED-4551-A660-D006E2991583}.Debug|Any CPU.ActiveCfg = Debug|Any CPU
		{4EB2DB7C-48ED-4551-A660-D006E2991583}.Debug|Any CPU.Build.0 = Debug|Any CPU
		{4EB2DB7C-48ED-4551-A660-D006E2991583}.Release|Any CPU.ActiveCfg = Release|Any CPU
		{4EB2DB7C-48ED-4551-A660-D006E2991583}.Release|Any CPU.Build.0 = Release|Any CPU
	EndGlobalSection
	GlobalSection(SolutionProperties) = preSolution
		HideSolutionNode = FALSE
	EndGlobalSection
	GlobalSection(ExtensibilityGlobals) = postSolution
		SolutionGuid = {596B48E2-5517-4FDC-922E-E6ED744393F6}
	EndGlobalSection
EndGlobal
